{
  "name": "quiz-interactif",
  "lockfileVersion": 3,
  "requires": true,
  "packages": {
    "": {
      "dependencies": {
        "i18n-js": "^4.5.3"
      }
    },
    "node_modules/bignumber.js": {
      "version": "11.1.5",
      "resolved": "https://registry.npmjs.org/bignumber.js/-/bignumber.js-11.1.5.tgz",
      "integrity": "sha512-6WmzCNtUnfKpbozq+hOgWaZMMzORmYBwF1xZScyoIX3QRYWeKTtxxwDOW5tIz7C9BdjkIYHGTcelCLkXg0mndw==",
      "license": "MIT"
    },
    "node_modules/i18n-js": {
      "version": "4.5.3",
      "resolved": "https://registry.npmjs.org/i18n-js/-/i18n-js-4.5.3.tgz",
      "integrity": "sha512-5/tT6R9t9qlYqGhxGq9I9Ap3WKUaAMq5aRuO1gqAcUqm6xGbL0jwTAjSFjgbx935BAV8QbEzvQOzE796dUlEfA==",
      "license": "MIT",
      "dependencies": {
        "bignumber.js": "*",
        "lodash": "*",
        "make-plural": "7.5.0"
      }
    },
    "node_modules/lodash": {
      "version": "4.18.1",
      "resolved": "https://registry.npmjs.org/lodash/-/lodash-4.18.1.tgz",
      "integrity": "sha512-dMInicTPVE8d1e5otfwmmjlxkZoUpiVLwyeTdUsi/Caj/gfzzblBcCE5sRHV/AsjuCmxWrte2TNGSYuCeCq+0Q==",
      "license": "MIT"
    },
    "node_modules/make-plural": {
      "version": "7.5.0",
      "resolved": "https://registry.npmjs.org/make-plural/-/make-plural-7.5.0.tgz",
      "integrity": "sha512-0booA+aVYyVFoR67JBHdfVk0U08HmrBH2FrtmBqBa+NldlqXv/G2Z9VQuQq6Wgp2jDWdybEWGfBkk1cq5264WA==",
      "license": "Unicode-DFS-2016"
    }
  }
}
